{
  "name": "setup-mongodb-database-tools",
  "version": "0.0.0-development",
  "lockfileVersion": 3,
  "requires": true,
  "packages": {
    "": {
      "name": "setup-mongodb-database-tools",
      "version": "0.0.0-development",
      "license": "MIT",
      "engines": {
        "node": ">=24"
      }
    }
  }
}
